
Microsoft Visual Studio Solution File, Format Version 12.00
# Visual Studio Version 16
VisualStudioVersion = 16.0.30621.155
MinimumVisualStudioVersion = 10.0.40219.1
Project("{9092AA53-FB77-4645-B42D-1CCCA6BD08BD}") = "CRadioBot", "CRadioBot\CRadioBot.njsproj", "{1B10D9E5-3CD9-4113-A53C-FB666F46D991}"
EndProject
Global
	GlobalSection(SolutionConfigurationPlatforms) = preSolution
		Debug|Any CPU = Debug|Any CPU
		Release|Any CPU = Release|Any CPU
	EndGlobalSection
	GlobalSection(ProjectConfigurationPlatforms) = postSolution
		{1B10D9E5-3CD9-4113-A53C-FB666F46D991}.Debug|Any CPU.ActiveCfg = Debug|Any CPU
		{1B10D9E5-3CD9-4113-A53C-FB666F46D991}.Debug|Any CPU.Build.0 = Debug|Any CPU
		{1B10D9E5-3CD9-4113-A53C-FB666F46D991}.Release|Any CPU.ActiveCfg = Release|Any CPU
		{1B10D9E5-3CD9-4113-A53C-FB666F46D991}.Release|Any CPU.Build.0 = Release|Any CPU
	EndGlobalSection
	GlobalSection(SolutionProperties) = preSolution
		HideSolutionNode = FALSE
	EndGlobalSection
	GlobalSection(ExtensibilityGlobals) = postSolution
		SolutionGuid = {2AE52AD4-0E2F-4511-BEA6-5412776C58DB}
	EndGlobalSection
EndGlobal
